// !$*UTF8*$!
{
	archiveVersion = 1;
	classes = {
	};
	objectVersion = 50;
	objects = {

/* Begin PBXBuildFile section */
		99A1E66326B11CE800A3376B /* AppDelegate.swift in Sources */ = {isa = PBXBuildFile; fileRef = 99A1E66226B11CE800A3376B /* AppDelegate.swift */; };
		99A1E66526B11CE800A3376B /* SceneDelegate.swift in Sources */ = {isa = PBXBuildFile; fileRef = 99A1E66426B11CE800A3376B /* SceneDelegate.swift */; };
		99A1E66A26B11CE800A3376B /* Main.storyboard in Resources */ = {isa = PBXBuildFile; fileRef = 99A1E66826B11CE800A3376B /* Main.storyboard */; };
		99A1E66C26B11CE900A3376B /* Assets.xcassets in Resources */ = {isa = PBXBuildFile; fileRef = 99A1E66B26B11CE900A3376B /* Assets.xcassets */; };
		99A1E66F26B11CE900A3376B /* LaunchScreen.storyboard in Resources */ = {isa = PBXBuildFile; fileRef = 99A1E66D26B11CE900A3376B /* LaunchScreen.storyboard */; };
		99A1E67926B11DA700A3376B /* DBModel.swift in Sources */ = {isa = PBXBuildFile; fileRef = 99A1E67826B11DA700A3376B /* DBModel.swift */; };
		99A1E67B26B11DB500A3376B /* JsonModel.swift in Sources */ = {isa = PBXBuildFile; fileRef = 99A1E67A26B11DB500A3376B /* JsonModel.swift */; };
		99A1E67D26B11DDA00A3376B /* TableViewController.swift in Sources */ = {isa = PBXBuildFile; fileRef = 99A1E67C26B11DDA00A3376B /* TableViewController.swift */; };
		99A1E67F26B11EB900A3376B /* TableViewCell.swift in Sources */ = {isa = PBXBuildFile; fileRef = 99A1E67E26B11EB900A3376B /* TableViewCell.swift */; };
/* End PBXBuildFile section */

/* Begin PBXFileReference section */
		99A1E65F26B11CE800A3376B /* Quiz_JsonCustomCell.app */ = {isa = PBXFileReference; explicitFileType = wrapper.application; includeInIndex = 0; path = Quiz_JsonCustomCell.app; sourceTree = BUILT_PRODUCTS_DIR; };
		99A1E66226B11CE800A3376B /* AppDelegate.swift */ = {isa = PBXFileReference; lastKnownFileType = sourcecode.swift; path = AppDelegate.swift; sourceTree = "<group>"; };
		99A1E66426B11CE800A3376B /* SceneDelegate.swift */ = {isa = PBXFileReference; lastKnownFileType = sourcecode.swift; path = SceneDelegate.swift; sourceTree = "<group>"; };
		99A1E66926B11CE800A3376B /* Base */ = {isa = PBXFileReference; lastKnownFileType = file.storyboard; name = Base; path = Base.lproj/Main.storyboard; sourceTree = "<group>"; };
		99A1E66B26B11CE900A3376B /* Assets.xcassets */ = {isa = PBXFileReference; lastKnownFileType = folder.assetcatalog; path = Assets.xcassets; sourceTree = "<group>"; };
		99A1E66E26B11CE900A3376B /* Base */ = {isa = PBXFileReference; lastKnownFileType = file.storyboard; name = Base; path = Base.lproj/LaunchScreen.storyboard; sourceTree = "<group>"; };
		99A1E67026B11CE900A3376B /* Info.plist */ = {isa = PBXFileReference; lastKnownFileType = text.plist.xml; path = Info.plist; sourceTree = "<group>"; };
		99A1E67826B11DA700A3376B /* DBModel.swift */ = {isa = PBXFileReference; lastKnownFileType = sourcecode.swift; path = DBModel.swift; sourceTree = "<group>"; };
		99A1E67A26B11DB500A3376B /* JsonModel.swift */ = {isa = PBXFileReference; lastKnownFileType = sourcecode.swift; path = JsonModel.swift; sourceTree = "<group>"; };
		99A1E67C26B11DDA00A3376B /* TableViewController.swift */ = {isa = PBXFileReference; lastKnownFileType = sourcecode.swift; path = TableViewController.swift; sourceTree = "<group>"; };
		99A1E67E26B11EB900A3376B /* TableViewCell.swift */ = {isa = PBXFileReference; lastKnownFileType = sourcecode.swift; path = TableViewCell.swift; sourceTree = "<group>"; };
/* End PBXFileReference section */

/* Begin PBXFrameworksBuildPhase section */
		99A1E65C26B11CE800A3376B /* Frameworks */ = {
			isa = PBXFrameworksBuildPhase;
			buildActionMask = 2147483647;
			files = (
			);
			runOnlyForDeploymentPostprocessing = 0;
		};
/* End PBXFrameworksBuildPhase section */

/* Begin PBXGroup section */
		99A1E65626B11CE800A3376B = {
			isa = PBXGroup;
			children = (
				99A1E66126B11CE800A3376B /* Quiz_JsonCustomCell */,
				99A1E66026B11CE800A3376B /* Products */,
			);
			sourceTree = "<group>";
		};
		99A1E66026B11CE800A3376B /* Products */ = {
			isa = PBXGroup;
			children = (
				99A1E65F26B11CE800A3376B /* Quiz_JsonCustomCell.app */,
			);
			name = Products;
			sourceTree = "<group>";
		};
		99A1E66126B11CE800A3376B /* Quiz_JsonCustomCell */ = {
			isa = PBXGroup;
			children = (
				99A1E66226B11CE800A3376B /* AppDelegate.swift */,
				99A1E66426B11CE800A3376B /* SceneDelegate.swift */,
				99A1E66826B11CE800A3376B /* Main.storyboard */,
				99A1E66B26B11CE900A3376B /* Assets.xcassets */,
				99A1E66D26B11CE900A3376B /* LaunchScreen.storyboard */,
				99A1E67026B11CE900A3376B /* Info.plist */,
				99A1E67826B11DA700A3376B /* DBModel.swift */,
				99A1E67A26B11DB500A3376B /* JsonModel.swift */,
				99A1E67C26B11DDA00A3376B /* TableViewController.swift */,
				99A1E67E26B11EB900A3376B /* TableViewCell.swift */,
			);
			path = Quiz_JsonCustomCell;
			sourceTree = "<group>";
		};
/* End PBXGroup section */

/* Begin PBXNativeTarget section */
		99A1E65E26B11CE800A3376B /* Quiz_JsonCustomCell */ = {
			isa = PBXNativeTarget;
			buildConfigurationList = 99A1E67326B11CE900A3376B /* Build configuration list for PBXNativeTarget "Quiz_JsonCustomCell" */;
			buildPhases = (
				99A1E65B26B11CE800A3376B /* Sources */,
				99A1E65C26B11CE800A3376B /* Frameworks */,
				99A1E65D26B11CE800A3376B /* Resources */,
			);
			buildRules = (
			);
			dependencies = (
			);
			name = Quiz_JsonCustomCell;
			productName = Quiz_JsonCustomCell;
			productReference = 99A1E65F26B11CE800A3376B /* Quiz_JsonCustomCell.app */;
			productType = "com.apple.product-type.application";
		};
/* End PBXNativeTarget section */

/* Begin PBXProject section */
		99A1E65726B11CE800A3376B /* Project object */ = {
			isa = PBXProject;
			attributes = {
				LastSwiftUpdateCheck = 1250;
				LastUpgradeCheck = 1250;
				TargetAttributes = {
					99A1E65E26B11CE800A3376B = {
						CreatedOnToolsVersion = 12.5.1;
					};
				};
			};
			buildConfigurationList = 99A1E65A26B11CE800A3376B /* Build configuration list for PBXProject "Quiz_JsonCustomCell" */;
			compatibilityVersion = "Xcode 9.3";
			developmentRegion = en;
			hasScannedForEncodings = 0;
			knownRegions = (
				en,
				Base,
			);
			mainGroup = 99A1E65626B11CE800A3376B;
			productRefGroup = 99A1E66026B11CE800A3376B /* Products */;
			projectDirPath = "";
			projectRoot = "";
			targets = (
				99A1E65E26B11CE800A3376B /* Quiz_JsonCustomCell */,
			);
		};
/* End PBXProject section */

/* Begin PBXResourcesBuildPhase section */
		99A1E65D26B11CE800A3376B /* Resources */ = {
			isa = PBXResourcesBuildPhase;
			buildActionMask = 2147483647;
			files = (
				99A1E66F26B11CE900A3376B /* LaunchScreen.storyboard in Resources */,
				99A1E66C26B11CE900A3376B /* Assets.xcassets in Resources */,
				99A1E66A26B11CE800A3376B /* Main.storyboard in Resources */,
			);
			runOnlyForDeploymentPostprocessing = 0;
		};
/* End PBXResourcesBuildPhase section */

/* Begin PBXSourcesBuildPhase section */
		99A1E65B26B11CE800A3376B /* Sources */ = {
			isa = PBXSourcesBuildPhase;
			buildActionMask = 2147483647;
			files = (
				99A1E67B26B11DB500A3376B /* JsonModel.swift in Sources */,
				99A1E67D26B11DDA00A3376B /* TableViewController.swift in Sources */,
				99A1E66326B11CE800A3376B /* AppDelegate.swift in Sources */,
				99A1E67F26B11EB900A3376B /* TableViewCell.swift in Sources */,
				99A1E66526B11CE800A3376B /* SceneDelegate.swift in Sources */,
				99A1E67926B11DA700A3376B /* DBModel.swift in Sources */,
			);
			runOnlyForDeploymentPostprocessing = 0;
		};
/* End PBXSourcesBuildPhase section */

/* Begin PBXVariantGroup section */
		99A1E66826B11CE800A3376B /* Main.storyboard */ = {
			isa = PBXVariantGroup;
			children = (
				99A1E66926B11CE800A3376B /* Base */,
			);
			name = Main.storyboard;
			sourceTree = "<group>";
		};
		99A1E66D26B11CE900A3376B /* LaunchScreen.storyboard */ = {
			isa = PBXVariantGroup;
			children = (
				99A1E66E26B11CE900A3376B /* Base */,
			);
			name = LaunchScreen.storyboard;
			sourceTree = "<group>";
		};
/* End PBXVariantGroup section */

/* Begin XCBuildConfiguration section */
		99A1E67126B11CE900A3376B /* Debug */ = {
			isa = XCBuildConfiguration;
			buildSettings = {
				ALWAYS_SEARCH_USER_PATHS = NO;
				CLANG_ANALYZER_NONNULL = YES;
				CLANG_ANALYZER_NUMBER_OBJECT_CONVERSION = YES_AGGRESSIVE;
				CLANG_CXX_LANGUAGE_STANDARD = "gnu++14";
				CLANG_CXX_LIBRARY = "libc++";
				CLANG_ENABLE_MODULES = YES;
				CLANG_ENABLE_OBJC_ARC = YES;
				CLANG_ENABLE_OBJC_WEAK = YES;
				CLANG_WARN_BLOCK_CAPTURE_AUTORELEASING = YES;
				CLANG_WARN_BOOL_CONVERSION = YES;
				CLANG_WARN_COMMA = YES;
				CLANG_WARN_CONSTANT_CONVERSION = YES;
				CLANG_WARN_DEPRECATED_OBJC_IMPLEMENTATIONS = YES;
				CLANG_WARN_DIRECT_OBJC_ISA_USAGE = YES_ERROR;
				CLANG_WARN_DOCUMENTATION_COMMENTS = YES;
				CLANG_WARN_EMPTY_BODY = YES;
				CLANG_WARN_ENUM_CONVERSION = YES;
				CLANG_WARN_INFINITE_RECURSION = YES;
				CLANG_WARN_INT_CONVERSION = YES;
				CLANG_WARN_NON_LITERAL_NULL_CONVERSION = YES;
				CLANG_WARN_OBJC_IMPLICIT_RETAIN_SELF = YES;
				CLANG_WARN_OBJC_LITERAL_CONVERSION = YES;
				CLANG_WARN_OBJC_ROOT_CLASS = YES_ERROR;
				CLANG_WARN_QUOTED_INCLUDE_IN_FRAMEWORK_HEADER = YES;
				CLANG_WARN_RANGE_LOOP_ANALYSIS = YES;
				CLANG_WARN_STRICT_PROTOTYPES = YES;
				CLANG_WARN_SUSPICIOUS_MOVE = YES;
				CLANG_WARN_UNGUARDED_AVAILABILITY = YES_AGGRESSIVE;
				CLANG_WARN_UNREACHABLE_CODE = YES;
				CLANG_WARN__DUPLICATE_METHOD_MATCH = YES;
				COPY_PHASE_STRIP = NO;
				DEBUG_INFORMATION_FORMAT = dwarf;
				ENABLE_STRICT_OBJC_MSGSEND = YES;
				ENABLE_TESTABILITY = YES;
				GCC_C_LANGUAGE_STANDARD = gnu11;
				GCC_DYNAMIC_NO_PIC = NO;
				GCC_NO_COMMON_BLOCKS = YES;
				GCC_OPTIMIZATION_LEVEL = 0;
				GCC_PREPROCESSOR_DEFINITIONS = (
					"DEBUG=1",
					"$(inherited)",
				);
				GCC_WARN_64_TO_32_BIT_CONVERSION = YES;
				GCC_WARN_ABOUT_RETURN_TYPE = YES_ERROR;
				GCC_WARN_UNDECLARED_SELECTOR = YES;
				GCC_WARN_UNINITIALIZED_AUTOS = YES_AGGRESSIVE;
				GCC_WARN_UNUSED_FUNCTION = YES;
				GCC_WARN_UNUSED_VARIABLE = YES;
				IPHONEOS_DEPLOYMENT_TARGET = 14.5;
				MTL_ENABLE_DEBUG_INFO = INCLUDE_SOURCE;
				MTL_FAST_MATH = YES;
				ONLY_ACTIVE_ARCH = YES;
				SDKROOT = iphoneos;
				SWIFT_ACTIVE_COMPILATION_CONDITIONS = DEBUG;
				SWIFT_OPTIMIZATION_LEVEL = "-Onone";
			};
			name = Debug;
		};
		99A1E67226B11CE900A3376B /* Release */ = {
			isa = XCBuildConfiguration;
			buildSettings = {
				ALWAYS_SEARCH_USER_PATHS = NO;
				CLANG_ANALYZER_NONNULL = YES;
				CLANG_ANALYZER_NUMBER_OBJECT_CONVERSION = YES_AGGRESSIVE;
				CLANG_CXX_LANGUAGE_STANDARD = "gnu++14";
				CLANG_CXX_LIBRARY = "libc++";
				CLANG_ENABLE_MODULES = YES;
				CLANG_ENABLE_OBJC_ARC = YES;
				CLANG_ENABLE_OBJC_WEAK = YES;
				CLANG_WARN_BLOCK_CAPTURE_AUTORELEASING = YES;
				CLANG_WARN_BOOL_CONVERSION = YES;
				CLANG_WARN_COMMA = YES;
				CLANG_WARN_CONSTANT_CONVERSION = YES;
				CLANG_WARN_DEPRECATED_OBJC_IMPLEMENTATIONS = YES;
				CLANG_WARN_DIRECT_OBJC_ISA_USAGE = YES_ERROR;
				CLANG_WARN_DOCUMENTATION_COMMENTS = YES;
				CLANG_WARN_EMPTY_BODY = YES;
				CLANG_WARN_ENUM_CONVERSION = YES;
				CLANG_WARN_INFINITE_RECURSION = YES;
				CLANG_WARN_INT_CONVERSION = YES;
				CLANG_WARN_NON_LITERAL_NULL_CONVERSION = YES;
				CLANG_WARN_OBJC_IMPLICIT_RETAIN_SELF = YES;
				CLANG_WARN_OBJC_LITERAL_CONVERSION = YES;
				CLANG_WARN_OBJC_ROOT_CLASS = YES_ERROR;
				CLANG_WARN_QUOTED_INCLUDE_IN_FRAMEWORK_HEADER = YES;
				CLANG_WARN_RANGE_LOOP_ANALYSIS = YES;
				CLANG_WARN_STRICT_PROTOTYPES = YES;
				CLANG_WARN_SUSPICIOUS_MOVE = YES;
				CLANG_WARN_UNGUARDED_AVAILABILITY = YES_AGGRESSIVE;
				CLANG_WARN_UNREACHABLE_CODE = YES;
				CLANG_WARN__DUPLICATE_METHOD_MATCH = YES;
				COPY_PHASE_STRIP = NO;
				DEBUG_INFORMATION_FORMAT = "dwarf-with-dsym";
				ENABLE_NS_ASSERTIONS = NO;
				ENABLE_STRICT_OBJC_MSGSEND = YES;
				GCC_C_LANGUAGE_STANDARD = gnu11;
				GCC_NO_COMMON_BLOCKS = YES;
				GCC_WARN_64_TO_32_BIT_CONVERSION = YES;
				GCC_WARN_ABOUT_RETURN_TYPE = YES_ERROR;
				GCC_WARN_UNDECLARED_SELECTOR = YES;
				GCC_WARN_UNINITIALIZED_AUTOS = YES_AGGRESSIVE;
				GCC_WARN_UNUSED_FUNCTION = YES;
				GCC_WARN_UNUSED_VARIABLE = YES;
				IPHONEOS_DEPLOYMENT_TARGET = 14.5;
				MTL_ENABLE_DEBUG_INFO = NO;
				MTL_FAST_MATH = YES;
				SDKROOT = iphoneos;
				SWIFT_COMPILATION_MODE = wholemodule;
				SWIFT_OPTIMIZATION_LEVEL = "-O";
				VALIDATE_PRODUCT = YES;
			};
			name = Release;
		};
		99A1E67426B11CE900A3376B /* Debug */ = {
			isa = XCBuildConfiguration;
			buildSettings = {
				ASSETCATALOG_COMPILER_APPICON_NAME = AppIcon;
				ASSETCATALOG_COMPILER_GLOBAL_ACCENT_COLOR_NAME = AccentColor;
				CODE_SIGN_STYLE = Automatic;
				DEVELOPMENT_TEAM = HTZ975G59X;
				INFOPLIST_FILE = Quiz_JsonCustomCell/Info.plist;
				LD_RUNPATH_SEARCH_PATHS = (
					"$(inherited)",
					"@executable_path/Frameworks",
				);
				PRODUCT_BUNDLE_IDENTIFIER = "com.he.Quiz-JsonCustomCell";
				PRODUCT_NAME = "$(TARGET_NAME)";
				SWIFT_VERSION = 5.0;
				TARGETED_DEVICE_FAMILY = "1,2";
			};
			name = Debug;
		};
		99A1E67526B11CE900A3376B /* Release */ = {
			isa = XCBuildConfiguration;
			buildSettings = {
				ASSETCATALOG_COMPILER_APPICON_NAME = AppIcon;
				ASSETCATALOG_COMPILER_GLOBAL_ACCENT_COLOR_NAME = AccentColor;
				CODE_SIGN_STYLE = Automatic;
				DEVELOPMENT_TEAM = HTZ975G59X;
				INFOPLIST_FILE = Quiz_JsonCustomCell/Info.plist;
				LD_RUNPATH_SEARCH_PATHS = (
					"$(inherited)",
					"@executable_path/Frameworks",
				);
				PRODUCT_BUNDLE_IDENTIFIER = "com.he.Quiz-JsonCustomCell";
				PRODUCT_NAME = "$(TARGET_NAME)";
				SWIFT_VERSION = 5.0;
				TARGETED_DEVICE_FAMILY = "1,2";
			};
			name = Release;
		};
/* End XCBuildConfiguration section */

/* Begin XCConfigurationList section */
		99A1E65A26B11CE800A3376B /* Build configuration list for PBXProject "Quiz_JsonCustomCell" */ = {
			isa = XCConfigurationList;
			buildConfigurations = (
				99A1E67126B11CE900A3376B /* Debug */,
				99A1E67226B11CE900A3376B /* Release */,
			);
			defaultConfigurationIsVisible = 0;
			defaultConfigurationName = Release;
		};
		99A1E67326B11CE900A3376B /* Build configuration list for PBXNativeTarget "Quiz_JsonCustomCell" */ = {
			isa = XCConfigurationList;
			buildConfigurations = (
				99A1E67426B11CE900A3376B /* Debug */,
				99A1E67526B11CE900A3376B /* Release */,
			);
			defaultConfigurationIsVisible = 0;
			defaultConfigurationName = Release;
		};
/* End XCConfigurationList section */
	};
	rootObject = 99A1E65726B11CE800A3376B /* Project object */;
}
