// !$*UTF8*$!
{
	archiveVersion = 1;
	classes = {
	};
	objectVersion = 50;
	objects = {

/* Begin PBXBuildFile section */
		373688913FE744F3AE3CF514 /* Pods_Kanna_02.framework in Frameworks */ = {isa = PBXBuildFile; fileRef = FEA9C604329332DB5971DCD4 /* Pods_Kanna_02.framework */; };
		9931764926AE908100F18628 /* AppDelegate.swift in Sources */ = {isa = PBXBuildFile; fileRef = 9931764826AE908100F18628 /* AppDelegate.swift */; };
		9931764B26AE908100F18628 /* SceneDelegate.swift in Sources */ = {isa = PBXBuildFile; fileRef = 9931764A26AE908100F18628 /* SceneDelegate.swift */; };
		9931764D26AE908100F18628 /* ViewController.swift in Sources */ = {isa = PBXBuildFile; fileRef = 9931764C26AE908100F18628 /* ViewController.swift */; };
		9931765026AE908100F18628 /* Main.storyboard in Resources */ = {isa = PBXBuildFile; fileRef = 9931764E26AE908100F18628 /* Main.storyboard */; };
		9931765226AE908100F18628 /* Assets.xcassets in Resources */ = {isa = PBXBuildFile; fileRef = 9931765126AE908100F18628 /* Assets.xcassets */; };
		9931765526AE908100F18628 /* LaunchScreen.storyboard in Resources */ = {isa = PBXBuildFile; fileRef = 9931765326AE908100F18628 /* LaunchScreen.storyboard */; };
/* End PBXBuildFile section */

/* Begin PBXFileReference section */
		9931764526AE908100F18628 /* Kanna_02.app */ = {isa = PBXFileReference; explicitFileType = wrapper.application; includeInIndex = 0; path = Kanna_02.app; sourceTree = BUILT_PRODUCTS_DIR; };
		9931764826AE908100F18628 /* AppDelegate.swift */ = {isa = PBXFileReference; lastKnownFileType = sourcecode.swift; path = AppDelegate.swift; sourceTree = "<group>"; };
		9931764A26AE908100F18628 /* SceneDelegate.swift */ = {isa = PBXFileReference; lastKnownFileType = sourcecode.swift; path = SceneDelegate.swift; sourceTree = "<group>"; };
		9931764C26AE908100F18628 /* ViewController.swift */ = {isa = PBXFileReference; lastKnownFileType = sourcecode.swift; path = ViewController.swift; sourceTree = "<group>"; };
		9931764F26AE908100F18628 /* Base */ = {isa = PBXFileReference; lastKnownFileType = file.storyboard; name = Base; path = Base.lproj/Main.storyboard; sourceTree = "<group>"; };
		9931765126AE908100F18628 /* Assets.xcassets */ = {isa = PBXFileReference; lastKnownFileType = folder.assetcatalog; path = Assets.xcassets; sourceTree = "<group>"; };
		9931765426AE908100F18628 /* Base */ = {isa = PBXFileReference; lastKnownFileType = file.storyboard; name = Base; path = Base.lproj/LaunchScreen.storyboard; sourceTree = "<group>"; };
		9931765626AE908100F18628 /* Info.plist */ = {isa = PBXFileReference; lastKnownFileType = text.plist.xml; path = Info.plist; sourceTree = "<group>"; };
		A475F7A903E8D0EFE395FE00 /* Pods-Kanna_02.debug.xcconfig */ = {isa = PBXFileReference; includeInIndex = 1; lastKnownFileType = text.xcconfig; name = "Pods-Kanna_02.debug.xcconfig"; path = "Target Support Files/Pods-Kanna_02/Pods-Kanna_02.debug.xcconfig"; sourceTree = "<group>"; };
		F6CD834F6BB0F260915F516D /* Pods-Kanna_02.release.xcconfig */ = {isa = PBXFileReference; includeInIndex = 1; lastKnownFileType = text.xcconfig; name = "Pods-Kanna_02.release.xcconfig"; path = "Target Support Files/Pods-Kanna_02/Pods-Kanna_02.release.xcconfig"; sourceTree = "<group>"; };
		FEA9C604329332DB5971DCD4 /* Pods_Kanna_02.framework */ = {isa = PBXFileReference; explicitFileType = wrapper.framework; includeInIndex = 0; path = Pods_Kanna_02.framework; sourceTree = BUILT_PRODUCTS_DIR; };
/* End PBXFileReference section */

/* Begin PBXFrameworksBuildPhase section */
		9931764226AE908100F18628 /* Frameworks */ = {
			isa = PBXFrameworksBuildPhase;
			buildActionMask = 2147483647;
			files = (
				373688913FE744F3AE3CF514 /* Pods_Kanna_02.framework in Frameworks */,
			);
			runOnlyForDeploymentPostprocessing = 0;
		};
/* End PBXFrameworksBuildPhase section */

/* Begin PBXGroup section */
		536CD640662337F0F0712D33 /* Frameworks */ = {
			isa = PBXGroup;
			children = (
				FEA9C604329332DB5971DCD4 /* Pods_Kanna_02.framework */,
			);
			name = Frameworks;
			sourceTree = "<group>";
		};
		8D08B8CF6D8F5190F76DF189 /* Pods */ = {
			isa = PBXGroup;
			children = (
				A475F7A903E8D0EFE395FE00 /* Pods-Kanna_02.debug.xcconfig */,
				F6CD834F6BB0F260915F516D /* Pods-Kanna_02.release.xcconfig */,
			);
			name = Pods;
			path = Pods;
			sourceTree = "<group>";
		};
		9931763C26AE908100F18628 = {
			isa = PBXGroup;
			children = (
				9931764726AE908100F18628 /* Kanna_02 */,
				9931764626AE908100F18628 /* Products */,
				8D08B8CF6D8F5190F76DF189 /* Pods */,
				536CD640662337F0F0712D33 /* Frameworks */,
			);
			sourceTree = "<group>";
		};
		9931764626AE908100F18628 /* Products */ = {
			isa = PBXGroup;
			children = (
				9931764526AE908100F18628 /* Kanna_02.app */,
			);
			name = Products;
			sourceTree = "<group>";
		};
		9931764726AE908100F18628 /* Kanna_02 */ = {
			isa = PBXGroup;
			children = (
				9931764826AE908100F18628 /* AppDelegate.swift */,
				9931764A26AE908100F18628 /* SceneDelegate.swift */,
				9931764C26AE908100F18628 /* ViewController.swift */,
				9931764E26AE908100F18628 /* Main.storyboard */,
				9931765126AE908100F18628 /* Assets.xcassets */,
				9931765326AE908100F18628 /* LaunchScreen.storyboard */,
				9931765626AE908100F18628 /* Info.plist */,
			);
			path = Kanna_02;
			sourceTree = "<group>";
		};
/* End PBXGroup section */

/* Begin PBXNativeTarget section */
		9931764426AE908100F18628 /* Kanna_02 */ = {
			isa = PBXNativeTarget;
			buildConfigurationList = 9931765926AE908100F18628 /* Build configuration list for PBXNativeTarget "Kanna_02" */;
			buildPhases = (
				2741221E9BB546638DB661B3 /* [CP] Check Pods Manifest.lock */,
				9931764126AE908100F18628 /* Sources */,
				9931764226AE908100F18628 /* Frameworks */,
				9931764326AE908100F18628 /* Resources */,
				BA14C5636F99F2F1FB45DD64 /* [CP] Embed Pods Frameworks */,
			);
			buildRules = (
			);
			dependencies = (
			);
			name = Kanna_02;
			productName = Kanna_02;
			productReference = 9931764526AE908100F18628 /* Kanna_02.app */;
			productType = "com.apple.product-type.application";
		};
/* End PBXNativeTarget section */

/* Begin PBXProject section */
		9931763D26AE908100F18628 /* Project object */ = {
			isa = PBXProject;
			attributes = {
				LastSwiftUpdateCheck = 1250;
				LastUpgradeCheck = 1250;
				TargetAttributes = {
					9931764426AE908100F18628 = {
						CreatedOnToolsVersion = 12.5.1;
					};
				};
			};
			buildConfigurationList = 9931764026AE908100F18628 /* Build configuration list for PBXProject "Kanna_02" */;
			compatibilityVersion = "Xcode 9.3";
			developmentRegion = en;
			hasScannedForEncodings = 0;
			knownRegions = (
				en,
				Base,
			);
			mainGroup = 9931763C26AE908100F18628;
			productRefGroup = 9931764626AE908100F18628 /* Products */;
			projectDirPath = "";
			projectRoot = "";
			targets = (
				9931764426AE908100F18628 /* Kanna_02 */,
			);
		};
/* End PBXProject section */

/* Begin PBXResourcesBuildPhase section */
		9931764326AE908100F18628 /* Resources */ = {
			isa = PBXResourcesBuildPhase;
			buildActionMask = 2147483647;
			files = (
				9931765526AE908100F18628 /* LaunchScreen.storyboard in Resources */,
				9931765226AE908100F18628 /* Assets.xcassets in Resources */,
				9931765026AE908100F18628 /* Main.storyboard in Resources */,
			);
			runOnlyForDeploymentPostprocessing = 0;
		};
/* End PBXResourcesBuildPhase section */

/* Begin PBXShellScriptBuildPhase section */
		2741221E9BB546638DB661B3 /* [CP] Check Pods Manifest.lock */ = {
			isa = PBXShellScriptBuildPhase;
			buildActionMask = 2147483647;
			files = (
			);
			inputFileListPaths = (
			);
			inputPaths = (
				"${PODS_PODFILE_DIR_PATH}/Podfile.lock",
				"${PODS_ROOT}/Manifest.lock",
			);
			name = "[CP] Check Pods Manifest.lock";
			outputFileListPaths = (
			);
			outputPaths = (
				"$(DERIVED_FILE_DIR)/Pods-Kanna_02-checkManifestLockResult.txt",
			);
			runOnlyForDeploymentPostprocessing = 0;
			shellPath = /bin/sh;
			shellScript = "diff \"${PODS_PODFILE_DIR_PATH}/Podfile.lock\" \"${PODS_ROOT}/Manifest.lock\" > /dev/null\nif [ $? != 0 ] ; then\n    # print error to STDERR\n    echo \"error: The sandbox is not in sync with the Podfile.lock. Run 'pod install' or update your CocoaPods installation.\" >&2\n    exit 1\nfi\n# This output is used by Xcode 'outputs' to avoid re-running this script phase.\necho \"SUCCESS\" > \"${SCRIPT_OUTPUT_FILE_0}\"\n";
			showEnvVarsInLog = 0;
		};
		BA14C5636F99F2F1FB45DD64 /* [CP] Embed Pods Frameworks */ = {
			isa = PBXShellScriptBuildPhase;
			buildActionMask = 2147483647;
			files = (
			);
			inputFileListPaths = (
				"${PODS_ROOT}/Target Support Files/Pods-Kanna_02/Pods-Kanna_02-frameworks-${CONFIGURATION}-input-files.xcfilelist",
			);
			name = "[CP] Embed Pods Frameworks";
			outputFileListPaths = (
				"${PODS_ROOT}/Target Support Files/Pods-Kanna_02/Pods-Kanna_02-frameworks-${CONFIGURATION}-output-files.xcfilelist",
			);
			runOnlyForDeploymentPostprocessing = 0;
			shellPath = /bin/sh;
			shellScript = "\"${PODS_ROOT}/Target Support Files/Pods-Kanna_02/Pods-Kanna_02-frameworks.sh\"\n";
			showEnvVarsInLog = 0;
		};
/* End PBXShellScriptBuildPhase section */

/* Begin PBXSourcesBuildPhase section */
		9931764126AE908100F18628 /* Sources */ = {
			isa = PBXSourcesBuildPhase;
			buildActionMask = 2147483647;
			files = (
				9931764D26AE908100F18628 /* ViewController.swift in Sources */,
				9931764926AE908100F18628 /* AppDelegate.swift in Sources */,
				9931764B26AE908100F18628 /* SceneDelegate.swift in Sources */,
			);
			runOnlyForDeploymentPostprocessing = 0;
		};
/* End PBXSourcesBuildPhase section */

/* Begin PBXVariantGroup section */
		9931764E26AE908100F18628 /* Main.storyboard */ = {
			isa = PBXVariantGroup;
			children = (
				9931764F26AE908100F18628 /* Base */,
			);
			name = Main.storyboard;
			sourceTree = "<group>";
		};
		9931765326AE908100F18628 /* LaunchScreen.storyboard */ = {
			isa = PBXVariantGroup;
			children = (
				9931765426AE908100F18628 /* Base */,
			);
			name = LaunchScreen.storyboard;
			sourceTree = "<group>";
		};
/* End PBXVariantGroup section */

/* Begin XCBuildConfiguration section */
		9931765726AE908100F18628 /* Debug */ = {
			isa = XCBuildConfiguration;
			buildSettings = {
				ALWAYS_SEARCH_USER_PATHS = NO;
				CLANG_ANALYZER_NONNULL = YES;
				CLANG_ANALYZER_NUMBER_OBJECT_CONVERSION = YES_AGGRESSIVE;
				CLANG_CXX_LANGUAGE_STANDARD = "gnu++14";
				CLANG_CXX_LIBRARY = "libc++";
				CLANG_ENABLE_MODULES = YES;
				CLANG_ENABLE_OBJC_ARC = YES;
				CLANG_ENABLE_OBJC_WEAK = YES;
				CLANG_WARN_BLOCK_CAPTURE_AUTORELEASING = YES;
				CLANG_WARN_BOOL_CONVERSION = YES;
				CLANG_WARN_COMMA = YES;
				CLANG_WARN_CONSTANT_CONVERSION = YES;
				CLANG_WARN_DEPRECATED_OBJC_IMPLEMENTATIONS = YES;
				CLANG_WARN_DIRECT_OBJC_ISA_USAGE = YES_ERROR;
				CLANG_WARN_DOCUMENTATION_COMMENTS = YES;
				CLANG_WARN_EMPTY_BODY = YES;
				CLANG_WARN_ENUM_CONVERSION = YES;
				CLANG_WARN_INFINITE_RECURSION = YES;
				CLANG_WARN_INT_CONVERSION = YES;
				CLANG_WARN_NON_LITERAL_NULL_CONVERSION = YES;
				CLANG_WARN_OBJC_IMPLICIT_RETAIN_SELF = YES;
				CLANG_WARN_OBJC_LITERAL_CONVERSION = YES;
				CLANG_WARN_OBJC_ROOT_CLASS = YES_ERROR;
				CLANG_WARN_QUOTED_INCLUDE_IN_FRAMEWORK_HEADER = YES;
				CLANG_WARN_RANGE_LOOP_ANALYSIS = YES;
				CLANG_WARN_STRICT_PROTOTYPES = YES;
				CLANG_WARN_SUSPICIOUS_MOVE = YES;
				CLANG_WARN_UNGUARDED_AVAILABILITY = YES_AGGRESSIVE;
				CLANG_WARN_UNREACHABLE_CODE = YES;
				CLANG_WARN__DUPLICATE_METHOD_MATCH = YES;
				COPY_PHASE_STRIP = NO;
				DEBUG_INFORMATION_FORMAT = dwarf;
				ENABLE_STRICT_OBJC_MSGSEND = YES;
				ENABLE_TESTABILITY = YES;
				GCC_C_LANGUAGE_STANDARD = gnu11;
				GCC_DYNAMIC_NO_PIC = NO;
				GCC_NO_COMMON_BLOCKS = YES;
				GCC_OPTIMIZATION_LEVEL = 0;
				GCC_PREPROCESSOR_DEFINITIONS = (
					"DEBUG=1",
					"$(inherited)",
				);
				GCC_WARN_64_TO_32_BIT_CONVERSION = YES;
				GCC_WARN_ABOUT_RETURN_TYPE = YES_ERROR;
				GCC_WARN_UNDECLARED_SELECTOR = YES;
				GCC_WARN_UNINITIALIZED_AUTOS = YES_AGGRESSIVE;
				GCC_WARN_UNUSED_FUNCTION = YES;
				GCC_WARN_UNUSED_VARIABLE = YES;
				IPHONEOS_DEPLOYMENT_TARGET = 14.5;
				MTL_ENABLE_DEBUG_INFO = INCLUDE_SOURCE;
				MTL_FAST_MATH = YES;
				ONLY_ACTIVE_ARCH = YES;
				SDKROOT = iphoneos;
				SWIFT_ACTIVE_COMPILATION_CONDITIONS = DEBUG;
				SWIFT_OPTIMIZATION_LEVEL = "-Onone";
			};
			name = Debug;
		};
		9931765826AE908100F18628 /* Release */ = {
			isa = XCBuildConfiguration;
			buildSettings = {
				ALWAYS_SEARCH_USER_PATHS = NO;
				CLANG_ANALYZER_NONNULL = YES;
				CLANG_ANALYZER_NUMBER_OBJECT_CONVERSION = YES_AGGRESSIVE;
				CLANG_CXX_LANGUAGE_STANDARD = "gnu++14";
				CLANG_CXX_LIBRARY = "libc++";
				CLANG_ENABLE_MODULES = YES;
				CLANG_ENABLE_OBJC_ARC = YES;
				CLANG_ENABLE_OBJC_WEAK = YES;
				CLANG_WARN_BLOCK_CAPTURE_AUTORELEASING = YES;
				CLANG_WARN_BOOL_CONVERSION = YES;
				CLANG_WARN_COMMA = YES;
				CLANG_WARN_CONSTANT_CONVERSION = YES;
				CLANG_WARN_DEPRECATED_OBJC_IMPLEMENTATIONS = YES;
				CLANG_WARN_DIRECT_OBJC_ISA_USAGE = YES_ERROR;
				CLANG_WARN_DOCUMENTATION_COMMENTS = YES;
				CLANG_WARN_EMPTY_BODY = YES;
				CLANG_WARN_ENUM_CONVERSION = YES;
				CLANG_WARN_INFINITE_RECURSION = YES;
				CLANG_WARN_INT_CONVERSION = YES;
				CLANG_WARN_NON_LITERAL_NULL_CONVERSION = YES;
				CLANG_WARN_OBJC_IMPLICIT_RETAIN_SELF = YES;
				CLANG_WARN_OBJC_LITERAL_CONVERSION = YES;
				CLANG_WARN_OBJC_ROOT_CLASS = YES_ERROR;
				CLANG_WARN_QUOTED_INCLUDE_IN_FRAMEWORK_HEADER = YES;
				CLANG_WARN_RANGE_LOOP_ANALYSIS = YES;
				CLANG_WARN_STRICT_PROTOTYPES = YES;
				CLANG_WARN_SUSPICIOUS_MOVE = YES;
				CLANG_WARN_UNGUARDED_AVAILABILITY = YES_AGGRESSIVE;
				CLANG_WARN_UNREACHABLE_CODE = YES;
				CLANG_WARN__DUPLICATE_METHOD_MATCH = YES;
				COPY_PHASE_STRIP = NO;
				DEBUG_INFORMATION_FORMAT = "dwarf-with-dsym";
				ENABLE_NS_ASSERTIONS = NO;
				ENABLE_STRICT_OBJC_MSGSEND = YES;
				GCC_C_LANGUAGE_STANDARD = gnu11;
				GCC_NO_COMMON_BLOCKS = YES;
				GCC_WARN_64_TO_32_BIT_CONVERSION = YES;
				GCC_WARN_ABOUT_RETURN_TYPE = YES_ERROR;
				GCC_WARN_UNDECLARED_SELECTOR = YES;
				GCC_WARN_UNINITIALIZED_AUTOS = YES_AGGRESSIVE;
				GCC_WARN_UNUSED_FUNCTION = YES;
				GCC_WARN_UNUSED_VARIABLE = YES;
				IPHONEOS_DEPLOYMENT_TARGET = 14.5;
				MTL_ENABLE_DEBUG_INFO = NO;
				MTL_FAST_MATH = YES;
				SDKROOT = iphoneos;
				SWIFT_COMPILATION_MODE = wholemodule;
				SWIFT_OPTIMIZATION_LEVEL = "-O";
				VALIDATE_PRODUCT = YES;
			};
			name = Release;
		};
		9931765A26AE908100F18628 /* Debug */ = {
			isa = XCBuildConfiguration;
			baseConfigurationReference = A475F7A903E8D0EFE395FE00 /* Pods-Kanna_02.debug.xcconfig */;
			buildSettings = {
				ASSETCATALOG_COMPILER_APPICON_NAME = AppIcon;
				ASSETCATALOG_COMPILER_GLOBAL_ACCENT_COLOR_NAME = AccentColor;
				CODE_SIGN_STYLE = Automatic;
				DEVELOPMENT_TEAM = HTZ975G59X;
				INFOPLIST_FILE = Kanna_02/Info.plist;
				LD_RUNPATH_SEARCH_PATHS = (
					"$(inherited)",
					"@executable_path/Frameworks",
				);
				PRODUCT_BUNDLE_IDENTIFIER = "com.he.Kanna-02";
				PRODUCT_NAME = "$(TARGET_NAME)";
				SWIFT_VERSION = 5.0;
				TARGETED_DEVICE_FAMILY = "1,2";
			};
			name = Debug;
		};
		9931765B26AE908100F18628 /* Release */ = {
			isa = XCBuildConfiguration;
			baseConfigurationReference = F6CD834F6BB0F260915F516D /* Pods-Kanna_02.release.xcconfig */;
			buildSettings = {
				ASSETCATALOG_COMPILER_APPICON_NAME = AppIcon;
				ASSETCATALOG_COMPILER_GLOBAL_ACCENT_COLOR_NAME = AccentColor;
				CODE_SIGN_STYLE = Automatic;
				DEVELOPMENT_TEAM = HTZ975G59X;
				INFOPLIST_FILE = Kanna_02/Info.plist;
				LD_RUNPATH_SEARCH_PATHS = (
					"$(inherited)",
					"@executable_path/Frameworks",
				);
				PRODUCT_BUNDLE_IDENTIFIER = "com.he.Kanna-02";
				PRODUCT_NAME = "$(TARGET_NAME)";
				SWIFT_VERSION = 5.0;
				TARGETED_DEVICE_FAMILY = "1,2";
			};
			name = Release;
		};
/* End XCBuildConfiguration section */

/* Begin XCConfigurationList section */
		9931764026AE908100F18628 /* Build configuration list for PBXProject "Kanna_02" */ = {
			isa = XCConfigurationList;
			buildConfigurations = (
				9931765726AE908100F18628 /* Debug */,
				9931765826AE908100F18628 /* Release */,
			);
			defaultConfigurationIsVisible = 0;
			defaultConfigurationName = Release;
		};
		9931765926AE908100F18628 /* Build configuration list for PBXNativeTarget "Kanna_02" */ = {
			isa = XCConfigurationList;
			buildConfigurations = (
				9931765A26AE908100F18628 /* Debug */,
				9931765B26AE908100F18628 /* Release */,
			);
			defaultConfigurationIsVisible = 0;
			defaultConfigurationName = Release;
		};
/* End XCConfigurationList section */
	};
	rootObject = 9931763D26AE908100F18628 /* Project object */;
}
